
Microsoft Visual Studio Solution File, Format Version 12.00
# Visual Studio Version 16
VisualStudioVersion = 25.0.1704.0
MinimumVisualStudioVersion = 10.0.40219.1
Project("{FAE04EC0-301F-11D3-BF4B-00C04F79EFBC}") = "EgeGlutensiz_Frontend", "EgeGlutensiz_Frontend\EgeGlutensiz_Frontend.csproj", "{8C97F26A-E0FC-415D-B55E-AE5AB853D2B3}"
EndProject
Global
	GlobalSection(SolutionConfigurationPlatforms) = preSolution
		Debug|Any CPU = Debug|Any CPU
		Release|Any CPU = Release|Any CPU
	EndGlobalSection
	GlobalSection(ProjectConfigurationPlatforms) = postSolution
		{8C97F26A-E0FC-415D-B55E-AE5AB853D2B3}.Debug|Any CPU.ActiveCfg = Debug|Any CPU
		{8C97F26A-E0FC-415D-B55E-AE5AB853D2B3}.Debug|Any CPU.Build.0 = Debug|Any CPU
		{8C97F26A-E0FC-415D-B55E-AE5AB853D2B3}.Release|Any CPU.ActiveCfg = Release|Any CPU
		{8C97F26A-E0FC-415D-B55E-AE5AB853D2B3}.Release|Any CPU.Build.0 = Release|Any CPU
	EndGlobalSection
	GlobalSection(SolutionProperties) = preSolution
		HideSolutionNode = FALSE
	EndGlobalSection
	GlobalSection(ExtensibilityGlobals) = postSolution
		SolutionGuid = {12BF6D7C-ACFC-4811-A081-0BB21E14ACE0}
	EndGlobalSection
EndGlobal
